// !$*UTF8*$!
{
	archiveVersion = 1;
	classes = {
	};
	objectVersion = 46;
	objects = {

/* Begin PBXBuildFile section */
		9A0B92D41CB64D5D00271ACC /* AppDelegate.swift in Sources */ = {isa = PBXBuildFile; fileRef = 9A0B92D31CB64D5D00271ACC /* AppDelegate.swift */; };
		9A0B92D61CB64D5D00271ACC /* ViewController.swift in Sources */ = {isa = PBXBuildFile; fileRef = 9A0B92D51CB64D5D00271ACC /* ViewController.swift */; };
		9A0B92D91CB64D5D00271ACC /* Main.storyboard in Resources */ = {isa = PBXBuildFile; fileRef = 9A0B92D71CB64D5D00271ACC /* Main.storyboard */; };
		9A0B92DB1CB64D5D00271ACC /* Assets.xcassets in Resources */ = {isa = PBXBuildFile; fileRef = 9A0B92DA1CB64D5D00271ACC /* Assets.xcassets */; };
		9A0B92DE1CB64D5D00271ACC /* LaunchScreen.storyboard in Resources */ = {isa = PBXBuildFile; fileRef = 9A0B92DC1CB64D5D00271ACC /* LaunchScreen.storyboard */; };
		9A0B92E91CB64D5D00271ACC /* FeatureToggle_Proof_Of_ConceptTests.swift in Sources */ = {isa = PBXBuildFile; fileRef = 9A0B92E81CB64D5D00271ACC /* FeatureToggle_Proof_Of_ConceptTests.swift */; };
		9A0B92F41CB64DCD00271ACC /* DismissablelViewController.swift in Sources */ = {isa = PBXBuildFile; fileRef = 9A0B92F31CB64DCD00271ACC /* DismissablelViewController.swift */; };
		9A0B92F61CB6586B00271ACC /* ToggleRouter.swift in Sources */ = {isa = PBXBuildFile; fileRef = 9A0B92F51CB6586B00271ACC /* ToggleRouter.swift */; };
		9A0B92F91CB658B200271ACC /* FeatureDecisions.swift in Sources */ = {isa = PBXBuildFile; fileRef = 9A0B92F81CB658B200271ACC /* FeatureDecisions.swift */; };
		9A0B92FB1CB658CA00271ACC /* FeatureTogglableDecorator.swift in Sources */ = {isa = PBXBuildFile; fileRef = 9A0B92FA1CB658CA00271ACC /* FeatureTogglableDecorator.swift */; };
		9A0B92FE1CB65A7A00271ACC /* ViewController+CoolFeature.swift in Sources */ = {isa = PBXBuildFile; fileRef = 9A0B92FD1CB65A7A00271ACC /* ViewController+CoolFeature.swift */; };
		9A0B93001CB65D6000271ACC /* Togglable.swift in Sources */ = {isa = PBXBuildFile; fileRef = 9A0B92FF1CB65D6000271ACC /* Togglable.swift */; };
		9A0B93021CB65F1000271ACC /* Toggles.plist in Resources */ = {isa = PBXBuildFile; fileRef = 9A0B93011CB65F1000271ACC /* Toggles.plist */; };
		9A0B93041CB6683600271ACC /* ViewController+AwesomeFeature.swift in Sources */ = {isa = PBXBuildFile; fileRef = 9A0B93031CB6683600271ACC /* ViewController+AwesomeFeature.swift */; };
		9A0B93061CB6701500271ACC /* CoolFeatureViewController.swift in Sources */ = {isa = PBXBuildFile; fileRef = 9A0B93051CB6701500271ACC /* CoolFeatureViewController.swift */; };
		9A0B93081CB6702300271ACC /* AwesomeFeatureViewController.swift in Sources */ = {isa = PBXBuildFile; fileRef = 9A0B93071CB6702300271ACC /* AwesomeFeatureViewController.swift */; };
		9A0B930B1CB6745300271ACC /* CoolFeatureViewController+ABExperiment.swift in Sources */ = {isa = PBXBuildFile; fileRef = 9A0B930A1CB6745300271ACC /* CoolFeatureViewController+ABExperiment.swift */; };
		9A0B930F1CB6750000271ACC /* FeatureDecisions+Experiments.swift in Sources */ = {isa = PBXBuildFile; fileRef = 9A0B930E1CB6750000271ACC /* FeatureDecisions+Experiments.swift */; };
		9A35AF301CB7C14000A73359 /* NSDate+CurrentTime.swift in Sources */ = {isa = PBXBuildFile; fileRef = 9A35AF2F1CB7C14000A73359 /* NSDate+CurrentTime.swift */; };
		9A35AF321CB7C83C00A73359 /* CrazyFeatureViewController.swift in Sources */ = {isa = PBXBuildFile; fileRef = 9A35AF311CB7C83C00A73359 /* CrazyFeatureViewController.swift */; };
		9A35AF341CB7CB6E00A73359 /* IdentifiableViewController.swift in Sources */ = {isa = PBXBuildFile; fileRef = 9A35AF331CB7CB6E00A73359 /* IdentifiableViewController.swift */; };
		9A35AF3A1CB7DCB200A73359 /* AmazingFeature.storyboard in Resources */ = {isa = PBXBuildFile; fileRef = 9A35AF391CB7DCB200A73359 /* AmazingFeature.storyboard */; };
		9A35AF3C1CB7DD6E00A73359 /* Full.storyboard in Resources */ = {isa = PBXBuildFile; fileRef = 9A35AF3B1CB7DD6E00A73359 /* Full.storyboard */; };
		9AA5E0A61CB79C000010A535 /* ViewController+AmazingFeature.swift in Sources */ = {isa = PBXBuildFile; fileRef = 9AA5E0A51CB79C000010A535 /* ViewController+AmazingFeature.swift */; };
		9AA5E0A81CB7A0D10010A535 /* ViewController+CrazyFeature.swift in Sources */ = {isa = PBXBuildFile; fileRef = 9AA5E0A71CB7A0D10010A535 /* ViewController+CrazyFeature.swift */; };
		9AA5E0AC1CB7AADF0010A535 /* FeatureTogglableDecorator+ViewController.swift in Sources */ = {isa = PBXBuildFile; fileRef = 9AA5E0AB1CB7AADF0010A535 /* FeatureTogglableDecorator+ViewController.swift */; };
		9AA5E0AE1CB7AB3A0010A535 /* FeatureTogglableDecorator+CoolFeatureViewController.swift in Sources */ = {isa = PBXBuildFile; fileRef = 9AA5E0AD1CB7AB3A0010A535 /* FeatureTogglableDecorator+CoolFeatureViewController.swift */; };
/* End PBXBuildFile section */

/* Begin PBXContainerItemProxy section */
		9A0B92E51CB64D5D00271ACC /* PBXContainerItemProxy */ = {
			isa = PBXContainerItemProxy;
			containerPortal = 9A0B92C81CB64D5D00271ACC /* Project object */;
			proxyType = 1;
			remoteGlobalIDString = 9A0B92CF1CB64D5D00271ACC;
			remoteInfo = "FeatureToggle-Proof-Of-Concept";
		};
/* End PBXContainerItemProxy section */

/* Begin PBXFileReference section */
		9A0B92D01CB64D5D00271ACC /* FeatureToggle-Proof-Of-Concept.app */ = {isa = PBXFileReference; explicitFileType = wrapper.application; includeInIndex = 0; path = "FeatureToggle-Proof-Of-Concept.app"; sourceTree = BUILT_PRODUCTS_DIR; };
		9A0B92D31CB64D5D00271ACC /* AppDelegate.swift */ = {isa = PBXFileReference; lastKnownFileType = sourcecode.swift; path = AppDelegate.swift; sourceTree = "<group>"; };
		9A0B92D51CB64D5D00271ACC /* ViewController.swift */ = {isa = PBXFileReference; lastKnownFileType = sourcecode.swift; path = ViewController.swift; sourceTree = "<group>"; };
		9A0B92D81CB64D5D00271ACC /* Base */ = {isa = PBXFileReference; lastKnownFileType = file.storyboard; name = Base; path = Base.lproj/Main.storyboard; sourceTree = "<group>"; };
		9A0B92DA1CB64D5D00271ACC /* Assets.xcassets */ = {isa = PBXFileReference; lastKnownFileType = folder.assetcatalog; path = Assets.xcassets; sourceTree = "<group>"; };
		9A0B92DD1CB64D5D00271ACC /* Base */ = {isa = PBXFileReference; lastKnownFileType = file.storyboard; name = Base; path = Base.lproj/LaunchScreen.storyboard; sourceTree = "<group>"; };
		9A0B92DF1CB64D5D00271ACC /* Info.plist */ = {isa = PBXFileReference; lastKnownFileType = text.plist.xml; path = Info.plist; sourceTree = "<group>"; };
		9A0B92E41CB64D5D00271ACC /* FeatureToggle-Proof-Of-ConceptTests.xctest */ = {isa = PBXFileReference; explicitFileType = wrapper.cfbundle; includeInIndex = 0; path = "FeatureToggle-Proof-Of-ConceptTests.xctest"; sourceTree = BUILT_PRODUCTS_DIR; };
		9A0B92E81CB64D5D00271ACC /* FeatureToggle_Proof_Of_ConceptTests.swift */ = {isa = PBXFileReference; lastKnownFileType = sourcecode.swift; path = FeatureToggle_Proof_Of_ConceptTests.swift; sourceTree = "<group>"; };
		9A0B92EA1CB64D5E00271ACC /* Info.plist */ = {isa = PBXFileReference; lastKnownFileType = text.plist.xml; path = Info.plist; sourceTree = "<group>"; };
		9A0B92F31CB64DCD00271ACC /* DismissablelViewController.swift */ = {isa = PBXFileReference; fileEncoding = 4; lastKnownFileType = sourcecode.swift; path = DismissablelViewController.swift; sourceTree = "<group>"; };
		9A0B92F51CB6586B00271ACC /* ToggleRouter.swift */ = {isa = PBXFileReference; fileEncoding = 4; lastKnownFileType = sourcecode.swift; path = ToggleRouter.swift; sourceTree = "<group>"; };
		9A0B92F81CB658B200271ACC /* FeatureDecisions.swift */ = {isa = PBXFileReference; fileEncoding = 4; lastKnownFileType = sourcecode.swift; path = FeatureDecisions.swift; sourceTree = "<group>"; };
		9A0B92FA1CB658CA00271ACC /* FeatureTogglableDecorator.swift */ = {isa = PBXFileReference; fileEncoding = 4; lastKnownFileType = sourcecode.swift; path = FeatureTogglableDecorator.swift; sourceTree = "<group>"; };
		9A0B92FD1CB65A7A00271ACC /* ViewController+CoolFeature.swift */ = {isa = PBXFileReference; fileEncoding = 4; lastKnownFileType = sourcecode.swift; path = "ViewController+CoolFeature.swift"; sourceTree = "<group>"; };
		9A0B92FF1CB65D6000271ACC /* Togglable.swift */ = {isa = PBXFileReference; fileEncoding = 4; lastKnownFileType = sourcecode.swift; path = Togglable.swift; sourceTree = "<group>"; };
		9A0B93011CB65F1000271ACC /* Toggles.plist */ = {isa = PBXFileReference; fileEncoding = 4; lastKnownFileType = text.plist.xml; path = Toggles.plist; sourceTree = "<group>"; };
		9A0B93031CB6683600271ACC /* ViewController+AwesomeFeature.swift */ = {isa = PBXFileReference; fileEncoding = 4; lastKnownFileType = sourcecode.swift; path = "ViewController+AwesomeFeature.swift"; sourceTree = "<group>"; };
		9A0B93051CB6701500271ACC /* CoolFeatureViewController.swift */ = {isa = PBXFileReference; fileEncoding = 4; lastKnownFileType = sourcecode.swift; path = CoolFeatureViewController.swift; sourceTree = "<group>"; };
		9A0B93071CB6702300271ACC /* AwesomeFeatureViewController.swift */ = {isa = PBXFileReference; fileEncoding = 4; lastKnownFileType = sourcecode.swift; path = AwesomeFeatureViewController.swift; sourceTree = "<group>"; };
		9A0B930A1CB6745300271ACC /* CoolFeatureViewController+ABExperiment.swift */ = {isa = PBXFileReference; fileEncoding = 4; lastKnownFileType = sourcecode.swift; path = "CoolFeatureViewController+ABExperiment.swift"; sourceTree = "<group>"; };
		9A0B930E1CB6750000271ACC /* FeatureDecisions+Experiments.swift */ = {isa = PBXFileReference; fileEncoding = 4; lastKnownFileType = sourcecode.swift; path = "FeatureDecisions+Experiments.swift"; sourceTree = "<group>"; };
		9A35AF2F1CB7C14000A73359 /* NSDate+CurrentTime.swift */ = {isa = PBXFileReference; fileEncoding = 4; lastKnownFileType = sourcecode.swift; path = "NSDate+CurrentTime.swift"; sourceTree = "<group>"; };
		9A35AF311CB7C83C00A73359 /* CrazyFeatureViewController.swift */ = {isa = PBXFileReference; fileEncoding = 4; lastKnownFileType = sourcecode.swift; path = CrazyFeatureViewController.swift; sourceTree = "<group>"; };
		9A35AF331CB7CB6E00A73359 /* IdentifiableViewController.swift */ = {isa = PBXFileReference; fileEncoding = 4; lastKnownFileType = sourcecode.swift; path = IdentifiableViewController.swift; sourceTree = "<group>"; };
		9A35AF391CB7DCB200A73359 /* AmazingFeature.storyboard */ = {isa = PBXFileReference; fileEncoding = 4; lastKnownFileType = file.storyboard; path = AmazingFeature.storyboard; sourceTree = "<group>"; };
		9A35AF3B1CB7DD6E00A73359 /* Full.storyboard */ = {isa = PBXFileReference; fileEncoding = 4; lastKnownFileType = file.storyboard; name = Full.storyboard; path = ../Full.storyboard; sourceTree = "<group>"; };
		9AA5E0A51CB79C000010A535 /* ViewController+AmazingFeature.swift */ = {isa = PBXFileReference; fileEncoding = 4; lastKnownFileType = sourcecode.swift; path = "ViewController+AmazingFeature.swift"; sourceTree = "<group>"; };
		9AA5E0A71CB7A0D10010A535 /* ViewController+CrazyFeature.swift */ = {isa = PBXFileReference; fileEncoding = 4; lastKnownFileType = sourcecode.swift; path = "ViewController+CrazyFeature.swift"; sourceTree = "<group>"; };
		9AA5E0AB1CB7AADF0010A535 /* FeatureTogglableDecorator+ViewController.swift */ = {isa = PBXFileReference; fileEncoding = 4; lastKnownFileType = sourcecode.swift; path = "FeatureTogglableDecorator+ViewController.swift"; sourceTree = "<group>"; };
		9AA5E0AD1CB7AB3A0010A535 /* FeatureTogglableDecorator+CoolFeatureViewController.swift */ = {isa = PBXFileReference; fileEncoding = 4; lastKnownFileType = sourcecode.swift; path = "FeatureTogglableDecorator+CoolFeatureViewController.swift"; sourceTree = "<group>"; };
/* End PBXFileReference section */

/* Begin PBXFrameworksBuildPhase section */
		9A0B92CD1CB64D5D00271ACC /* Frameworks */ = {
			isa = PBXFrameworksBuildPhase;
			buildActionMask = 2147483647;
			files = (
			);
			runOnlyForDeploymentPostprocessing = 0;
		};
		9A0B92E11CB64D5D00271ACC /* Frameworks */ = {
			isa = PBXFrameworksBuildPhase;
			buildActionMask = 2147483647;
			files = (
			);
			runOnlyForDeploymentPostprocessing = 0;
		};
/* End PBXFrameworksBuildPhase section */

/* Begin PBXGroup section */
		9A0B92C71CB64D5D00271ACC = {
			isa = PBXGroup;
			children = (
				9A0B92D21CB64D5D00271ACC /* FeatureToggle-Proof-Of-Concept */,
				9A0B92E71CB64D5D00271ACC /* FeatureToggle-Proof-Of-ConceptTests */,
				9A0B92D11CB64D5D00271ACC /* Products */,
			);
			sourceTree = "<group>";
		};
		9A0B92D11CB64D5D00271ACC /* Products */ = {
			isa = PBXGroup;
			children = (
				9A0B92D01CB64D5D00271ACC /* FeatureToggle-Proof-Of-Concept.app */,
				9A0B92E41CB64D5D00271ACC /* FeatureToggle-Proof-Of-ConceptTests.xctest */,
			);
			name = Products;
			sourceTree = "<group>";
		};
		9A0B92D21CB64D5D00271ACC /* FeatureToggle-Proof-Of-Concept */ = {
			isa = PBXGroup;
			children = (
				9A0B92D31CB64D5D00271ACC /* AppDelegate.swift */,
				9A0B92F31CB64DCD00271ACC /* DismissablelViewController.swift */,
				9A0B93071CB6702300271ACC /* AwesomeFeatureViewController.swift */,
				9A35AF311CB7C83C00A73359 /* CrazyFeatureViewController.swift */,
				9A0B92FC1CB65A3C00271ACC /* ViewController */,
				9A0B93091CB6743000271ACC /* CoolFeatureViewController */,
				9A0B92F71CB6589600271ACC /* FeatureToggling */,
				9A0B92D71CB64D5D00271ACC /* Main.storyboard */,
				9A35AF391CB7DCB200A73359 /* AmazingFeature.storyboard */,
				9A0B92DC1CB64D5D00271ACC /* LaunchScreen.storyboard */,
				9A35AF3B1CB7DD6E00A73359 /* Full.storyboard */,
				9A0B92DA1CB64D5D00271ACC /* Assets.xcassets */,
				9A0B92DF1CB64D5D00271ACC /* Info.plist */,
				9A35AF2F1CB7C14000A73359 /* NSDate+CurrentTime.swift */,
				9A35AF331CB7CB6E00A73359 /* IdentifiableViewController.swift */,
			);
			path = "FeatureToggle-Proof-Of-Concept";
			sourceTree = "<group>";
		};
		9A0B92E71CB64D5D00271ACC /* FeatureToggle-Proof-Of-ConceptTests */ = {
			isa = PBXGroup;
			children = (
				9A0B92E81CB64D5D00271ACC /* FeatureToggle_Proof_Of_ConceptTests.swift */,
				9A0B92EA1CB64D5E00271ACC /* Info.plist */,
			);
			path = "FeatureToggle-Proof-Of-ConceptTests";
			sourceTree = "<group>";
		};
		9A0B92F71CB6589600271ACC /* FeatureToggling */ = {
			isa = PBXGroup;
			children = (
				9A0B92F51CB6586B00271ACC /* ToggleRouter.swift */,
				9AA5E0A91CB7AA620010A535 /* FeatureDecisions */,
				9AA5E0AA1CB7AAAB0010A535 /* FeatureTogglableDecorator */,
				9A0B92FF1CB65D6000271ACC /* Togglable.swift */,
				9A0B93011CB65F1000271ACC /* Toggles.plist */,
			);
			name = FeatureToggling;
			sourceTree = "<group>";
		};
		9A0B92FC1CB65A3C00271ACC /* ViewController */ = {
			isa = PBXGroup;
			children = (
				9A0B92D51CB64D5D00271ACC /* ViewController.swift */,
				9A0B92FD1CB65A7A00271ACC /* ViewController+CoolFeature.swift */,
				9A0B93031CB6683600271ACC /* ViewController+AwesomeFeature.swift */,
				9AA5E0A51CB79C000010A535 /* ViewController+AmazingFeature.swift */,
				9AA5E0A71CB7A0D10010A535 /* ViewController+CrazyFeature.swift */,
			);
			name = ViewController;
			sourceTree = "<group>";
		};
		9A0B93091CB6743000271ACC /* CoolFeatureViewController */ = {
			isa = PBXGroup;
			children = (
				9A0B93051CB6701500271ACC /* CoolFeatureViewController.swift */,
				9A0B930A1CB6745300271ACC /* CoolFeatureViewController+ABExperiment.swift */,
			);
			name = CoolFeatureViewController;
			sourceTree = "<group>";
		};
		9AA5E0A91CB7AA620010A535 /* FeatureDecisions */ = {
			isa = PBXGroup;
			children = (
				9A0B92F81CB658B200271ACC /* FeatureDecisions.swift */,
				9A0B930E1CB6750000271ACC /* FeatureDecisions+Experiments.swift */,
			);
			name = FeatureDecisions;
			sourceTree = "<group>";
		};
		9AA5E0AA1CB7AAAB0010A535 /* FeatureTogglableDecorator */ = {
			isa = PBXGroup;
			children = (
				9A0B92FA1CB658CA00271ACC /* FeatureTogglableDecorator.swift */,
				9AA5E0AD1CB7AB3A0010A535 /* FeatureTogglableDecorator+CoolFeatureViewController.swift */,
				9AA5E0AB1CB7AADF0010A535 /* FeatureTogglableDecorator+ViewController.swift */,
			);
			name = FeatureTogglableDecorator;
			sourceTree = "<group>";
		};
/* End PBXGroup section */

/* Begin PBXNativeTarget section */
		9A0B92CF1CB64D5D00271ACC /* FeatureToggle-Proof-Of-Concept */ = {
			isa = PBXNativeTarget;
			buildConfigurationList = 9A0B92ED1CB64D5E00271ACC /* Build configuration list for PBXNativeTarget "FeatureToggle-Proof-Of-Concept" */;
			buildPhases = (
				9A0B92CC1CB64D5D00271ACC /* Sources */,
				9A0B92CD1CB64D5D00271ACC /* Frameworks */,
				9A0B92CE1CB64D5D00271ACC /* Resources */,
			);
			buildRules = (
			);
			dependencies = (
			);
			name = "FeatureToggle-Proof-Of-Concept";
			productName = "FeatureToggle-Proof-Of-Concept";
			productReference = 9A0B92D01CB64D5D00271ACC /* FeatureToggle-Proof-Of-Concept.app */;
			productType = "com.apple.product-type.application";
		};
		9A0B92E31CB64D5D00271ACC /* FeatureToggle-Proof-Of-ConceptTests */ = {
			isa = PBXNativeTarget;
			buildConfigurationList = 9A0B92F01CB64D5E00271ACC /* Build configuration list for PBXNativeTarget "FeatureToggle-Proof-Of-ConceptTests" */;
			buildPhases = (
				9A0B92E01CB64D5D00271ACC /* Sources */,
				9A0B92E11CB64D5D00271ACC /* Frameworks */,
				9A0B92E21CB64D5D00271ACC /* Resources */,
			);
			buildRules = (
			);
			dependencies = (
				9A0B92E61CB64D5D00271ACC /* PBXTargetDependency */,
			);
			name = "FeatureToggle-Proof-Of-ConceptTests";
			productName = "FeatureToggle-Proof-Of-ConceptTests";
			productReference = 9A0B92E41CB64D5D00271ACC /* FeatureToggle-Proof-Of-ConceptTests.xctest */;
			productType = "com.apple.product-type.bundle.unit-test";
		};
/* End PBXNativeTarget section */

/* Begin PBXProject section */
		9A0B92C81CB64D5D00271ACC /* Project object */ = {
			isa = PBXProject;
			attributes = {
				LastSwiftUpdateCheck = 0730;
				LastUpgradeCheck = 0730;
				ORGANIZATIONNAME = ktustanowski;
				TargetAttributes = {
					9A0B92CF1CB64D5D00271ACC = {
						CreatedOnToolsVersion = 7.3;
					};
					9A0B92E31CB64D5D00271ACC = {
						CreatedOnToolsVersion = 7.3;
						DevelopmentTeam = S288FYNY7S;
						TestTargetID = 9A0B92CF1CB64D5D00271ACC;
					};
				};
			};
			buildConfigurationList = 9A0B92CB1CB64D5D00271ACC /* Build configuration list for PBXProject "FeatureToggle-Proof-Of-Concept" */;
			compatibilityVersion = "Xcode 3.2";
			developmentRegion = English;
			hasScannedForEncodings = 0;
			knownRegions = (
				en,
				Base,
			);
			mainGroup = 9A0B92C71CB64D5D00271ACC;
			productRefGroup = 9A0B92D11CB64D5D00271ACC /* Products */;
			projectDirPath = "";
			projectRoot = "";
			targets = (
				9A0B92CF1CB64D5D00271ACC /* FeatureToggle-Proof-Of-Concept */,
				9A0B92E31CB64D5D00271ACC /* FeatureToggle-Proof-Of-ConceptTests */,
			);
		};
/* End PBXProject section */

/* Begin PBXResourcesBuildPhase section */
		9A0B92CE1CB64D5D00271ACC /* Resources */ = {
			isa = PBXResourcesBuildPhase;
			buildActionMask = 2147483647;
			files = (
				9A35AF3A1CB7DCB200A73359 /* AmazingFeature.storyboard in Resources */,
				9A0B93021CB65F1000271ACC /* Toggles.plist in Resources */,
				9A0B92DE1CB64D5D00271ACC /* LaunchScreen.storyboard in Resources */,
				9A0B92DB1CB64D5D00271ACC /* Assets.xcassets in Resources */,
				9A0B92D91CB64D5D00271ACC /* Main.storyboard in Resources */,
				9A35AF3C1CB7DD6E00A73359 /* Full.storyboard in Resources */,
			);
			runOnlyForDeploymentPostprocessing = 0;
		};
		9A0B92E21CB64D5D00271ACC /* Resources */ = {
			isa = PBXResourcesBuildPhase;
			buildActionMask = 2147483647;
			files = (
			);
			runOnlyForDeploymentPostprocessing = 0;
		};
/* End PBXResourcesBuildPhase section */

/* Begin PBXSourcesBuildPhase section */
		9A0B92CC1CB64D5D00271ACC /* Sources */ = {
			isa = PBXSourcesBuildPhase;
			buildActionMask = 2147483647;
			files = (
				9A0B92F91CB658B200271ACC /* FeatureDecisions.swift in Sources */,
				9A0B92F61CB6586B00271ACC /* ToggleRouter.swift in Sources */,
				9AA5E0A81CB7A0D10010A535 /* ViewController+CrazyFeature.swift in Sources */,
				9AA5E0AC1CB7AADF0010A535 /* FeatureTogglableDecorator+ViewController.swift in Sources */,
				9A0B92D61CB64D5D00271ACC /* ViewController.swift in Sources */,
				9A0B93001CB65D6000271ACC /* Togglable.swift in Sources */,
				9A0B92FE1CB65A7A00271ACC /* ViewController+CoolFeature.swift in Sources */,
				9A0B92F41CB64DCD00271ACC /* DismissablelViewController.swift in Sources */,
				9A0B92FB1CB658CA00271ACC /* FeatureTogglableDecorator.swift in Sources */,
				9A35AF321CB7C83C00A73359 /* CrazyFeatureViewController.swift in Sources */,
				9A35AF301CB7C14000A73359 /* NSDate+CurrentTime.swift in Sources */,
				9AA5E0AE1CB7AB3A0010A535 /* FeatureTogglableDecorator+CoolFeatureViewController.swift in Sources */,
				9A0B93041CB6683600271ACC /* ViewController+AwesomeFeature.swift in Sources */,
				9A0B93061CB6701500271ACC /* CoolFeatureViewController.swift in Sources */,
				9AA5E0A61CB79C000010A535 /* ViewController+AmazingFeature.swift in Sources */,
				9A0B92D41CB64D5D00271ACC /* AppDelegate.swift in Sources */,
				9A35AF341CB7CB6E00A73359 /* IdentifiableViewController.swift in Sources */,
				9A0B930B1CB6745300271ACC /* CoolFeatureViewController+ABExperiment.swift in Sources */,
				9A0B93081CB6702300271ACC /* AwesomeFeatureViewController.swift in Sources */,
				9A0B930F1CB6750000271ACC /* FeatureDecisions+Experiments.swift in Sources */,
			);
			runOnlyForDeploymentPostprocessing = 0;
		};
		9A0B92E01CB64D5D00271ACC /* Sources */ = {
			isa = PBXSourcesBuildPhase;
			buildActionMask = 2147483647;
			files = (
				9A0B92E91CB64D5D00271ACC /* FeatureToggle_Proof_Of_ConceptTests.swift in Sources */,
			);
			runOnlyForDeploymentPostprocessing = 0;
		};
/* End PBXSourcesBuildPhase section */

/* Begin PBXTargetDependency section */
		9A0B92E61CB64D5D00271ACC /* PBXTargetDependency */ = {
			isa = PBXTargetDependency;
			target = 9A0B92CF1CB64D5D00271ACC /* FeatureToggle-Proof-Of-Concept */;
			targetProxy = 9A0B92E51CB64D5D00271ACC /* PBXContainerItemProxy */;
		};
/* End PBXTargetDependency section */

/* Begin PBXVariantGroup section */
		9A0B92D71CB64D5D00271ACC /* Main.storyboard */ = {
			isa = PBXVariantGroup;
			children = (
				9A0B92D81CB64D5D00271ACC /* Base */,
			);
			name = Main.storyboard;
			sourceTree = "<group>";
		};
		9A0B92DC1CB64D5D00271ACC /* LaunchScreen.storyboard */ = {
			isa = PBXVariantGroup;
			children = (
				9A0B92DD1CB64D5D00271ACC /* Base */,
			);
			name = LaunchScreen.storyboard;
			sourceTree = "<group>";
		};
/* End PBXVariantGroup section */

/* Begin XCBuildConfiguration section */
		9A0B92EB1CB64D5E00271ACC /* Debug */ = {
			isa = XCBuildConfiguration;
			buildSettings = {
				ALWAYS_SEARCH_USER_PATHS = NO;
				CLANG_ANALYZER_NONNULL = YES;
				CLANG_CXX_LANGUAGE_STANDARD = "gnu++0x";
				CLANG_CXX_LIBRARY = "libc++";
				CLANG_ENABLE_MODULES = YES;
				CLANG_ENABLE_OBJC_ARC = YES;
				CLANG_WARN_BOOL_CONVERSION = YES;
				CLANG_WARN_CONSTANT_CONVERSION = YES;
				CLANG_WARN_DIRECT_OBJC_ISA_USAGE = YES_ERROR;
				CLANG_WARN_EMPTY_BODY = YES;
				CLANG_WARN_ENUM_CONVERSION = YES;
				CLANG_WARN_INT_CONVERSION = YES;
				CLANG_WARN_OBJC_ROOT_CLASS = YES_ERROR;
				CLANG_WARN_UNREACHABLE_CODE = YES;
				CLANG_WARN__DUPLICATE_METHOD_MATCH = YES;
				"CODE_SIGN_IDENTITY[sdk=iphoneos*]" = "iPhone Developer";
				COPY_PHASE_STRIP = NO;
				DEBUG_INFORMATION_FORMAT = dwarf;
				ENABLE_STRICT_OBJC_MSGSEND = YES;
				ENABLE_TESTABILITY = YES;
				GCC_C_LANGUAGE_STANDARD = gnu99;
				GCC_DYNAMIC_NO_PIC = NO;
				GCC_NO_COMMON_BLOCKS = YES;
				GCC_OPTIMIZATION_LEVEL = 0;
				GCC_PREPROCESSOR_DEFINITIONS = (
					"DEBUG=1",
					"$(inherited)",
				);
				GCC_WARN_64_TO_32_BIT_CONVERSION = YES;
				GCC_WARN_ABOUT_RETURN_TYPE = YES_ERROR;
				GCC_WARN_UNDECLARED_SELECTOR = YES;
				GCC_WARN_UNINITIALIZED_AUTOS = YES_AGGRESSIVE;
				GCC_WARN_UNUSED_FUNCTION = YES;
				GCC_WARN_UNUSED_VARIABLE = YES;
				IPHONEOS_DEPLOYMENT_TARGET = 9.3;
				MTL_ENABLE_DEBUG_INFO = YES;
				ONLY_ACTIVE_ARCH = YES;
				SDKROOT = iphoneos;
				SWIFT_OPTIMIZATION_LEVEL = "-Onone";
				TARGETED_DEVICE_FAMILY = "1,2";
			};
			name = Debug;
		};
		9A0B92EC1CB64D5E00271ACC /* Release */ = {
			isa = XCBuildConfiguration;
			buildSettings = {
				ALWAYS_SEARCH_USER_PATHS = NO;
				CLANG_ANALYZER_NONNULL = YES;
				CLANG_CXX_LANGUAGE_STANDARD = "gnu++0x";
				CLANG_CXX_LIBRARY = "libc++";
				CLANG_ENABLE_MODULES = YES;
				CLANG_ENABLE_OBJC_ARC = YES;
				CLANG_WARN_BOOL_CONVERSION = YES;
				CLANG_WARN_CONSTANT_CONVERSION = YES;
				CLANG_WARN_DIRECT_OBJC_ISA_USAGE = YES_ERROR;
				CLANG_WARN_EMPTY_BODY = YES;
				CLANG_WARN_ENUM_CONVERSION = YES;
				CLANG_WARN_INT_CONVERSION = YES;
				CLANG_WARN_OBJC_ROOT_CLASS = YES_ERROR;
				CLANG_WARN_UNREACHABLE_CODE = YES;
				CLANG_WARN__DUPLICATE_METHOD_MATCH = YES;
				"CODE_SIGN_IDENTITY[sdk=iphoneos*]" = "iPhone Developer";
				COPY_PHASE_STRIP = NO;
				DEBUG_INFORMATION_FORMAT = "dwarf-with-dsym";
				ENABLE_NS_ASSERTIONS = NO;
				ENABLE_STRICT_OBJC_MSGSEND = YES;
				GCC_C_LANGUAGE_STANDARD = gnu99;
				GCC_NO_COMMON_BLOCKS = YES;
				GCC_WARN_64_TO_32_BIT_CONVERSION = YES;
				GCC_WARN_ABOUT_RETURN_TYPE = YES_ERROR;
				GCC_WARN_UNDECLARED_SELECTOR = YES;
				GCC_WARN_UNINITIALIZED_AUTOS = YES_AGGRESSIVE;
				GCC_WARN_UNUSED_FUNCTION = YES;
				GCC_WARN_UNUSED_VARIABLE = YES;
				IPHONEOS_DEPLOYMENT_TARGET = 9.3;
				MTL_ENABLE_DEBUG_INFO = NO;
				SDKROOT = iphoneos;
				TARGETED_DEVICE_FAMILY = "1,2";
				VALIDATE_PRODUCT = YES;
			};
			name = Release;
		};
		9A0B92EE1CB64D5E00271ACC /* Debug */ = {
			isa = XCBuildConfiguration;
			buildSettings = {
				ASSETCATALOG_COMPILER_APPICON_NAME = AppIcon;
				CODE_SIGN_IDENTITY = "iPhone Developer";
				INFOPLIST_FILE = "FeatureToggle-Proof-Of-Concept/Info.plist";
				LD_RUNPATH_SEARCH_PATHS = "$(inherited) @executable_path/Frameworks";
				PRODUCT_BUNDLE_IDENTIFIER = "com.ktustanowski.FeatureToggle-Proof-Of-Concept";
				PRODUCT_NAME = "$(TARGET_NAME)";
			};
			name = Debug;
		};
		9A0B92EF1CB64D5E00271ACC /* Release */ = {
			isa = XCBuildConfiguration;
			buildSettings = {
				ASSETCATALOG_COMPILER_APPICON_NAME = AppIcon;
				CODE_SIGN_IDENTITY = "iPhone Developer";
				INFOPLIST_FILE = "FeatureToggle-Proof-Of-Concept/Info.plist";
				LD_RUNPATH_SEARCH_PATHS = "$(inherited) @executable_path/Frameworks";
				PRODUCT_BUNDLE_IDENTIFIER = "com.ktustanowski.FeatureToggle-Proof-Of-Concept";
				PRODUCT_NAME = "$(TARGET_NAME)";
			};
			name = Release;
		};
		9A0B92F11CB64D5E00271ACC /* Debug */ = {
			isa = XCBuildConfiguration;
			buildSettings = {
				BUNDLE_LOADER = "$(TEST_HOST)";
				INFOPLIST_FILE = "FeatureToggle-Proof-Of-ConceptTests/Info.plist";
				LD_RUNPATH_SEARCH_PATHS = "$(inherited) @executable_path/Frameworks @loader_path/Frameworks";
				PRODUCT_BUNDLE_IDENTIFIER = "com.ktustanowski.FeatureToggle-Proof-Of-ConceptTests";
				PRODUCT_NAME = "$(TARGET_NAME)";
				TEST_HOST = "$(BUILT_PRODUCTS_DIR)/FeatureToggle-Proof-Of-Concept.app/FeatureToggle-Proof-Of-Concept";
			};
			name = Debug;
		};
		9A0B92F21CB64D5E00271ACC /* Release */ = {
			isa = XCBuildConfiguration;
			buildSettings = {
				BUNDLE_LOADER = "$(TEST_HOST)";
				INFOPLIST_FILE = "FeatureToggle-Proof-Of-ConceptTests/Info.plist";
				LD_RUNPATH_SEARCH_PATHS = "$(inherited) @executable_path/Frameworks @loader_path/Frameworks";
				PRODUCT_BUNDLE_IDENTIFIER = "com.ktustanowski.FeatureToggle-Proof-Of-ConceptTests";
				PRODUCT_NAME = "$(TARGET_NAME)";
				TEST_HOST = "$(BUILT_PRODUCTS_DIR)/FeatureToggle-Proof-Of-Concept.app/FeatureToggle-Proof-Of-Concept";
			};
			name = Release;
		};
/* End XCBuildConfiguration section */

/* Begin XCConfigurationList section */
		9A0B92CB1CB64D5D00271ACC /* Build configuration list for PBXProject "FeatureToggle-Proof-Of-Concept" */ = {
			isa = XCConfigurationList;
			buildConfigurations = (
				9A0B92EB1CB64D5E00271ACC /* Debug */,
				9A0B92EC1CB64D5E00271ACC /* Release */,
			);
			defaultConfigurationIsVisible = 0;
			defaultConfigurationName = Release;
		};
		9A0B92ED1CB64D5E00271ACC /* Build configuration list for PBXNativeTarget "FeatureToggle-Proof-Of-Concept" */ = {
			isa = XCConfigurationList;
			buildConfigurations = (
				9A0B92EE1CB64D5E00271ACC /* Debug */,
				9A0B92EF1CB64D5E00271ACC /* Release */,
			);
			defaultConfigurationIsVisible = 0;
			defaultConfigurationName = Release;
		};
		9A0B92F01CB64D5E00271ACC /* Build configuration list for PBXNativeTarget "FeatureToggle-Proof-Of-ConceptTests" */ = {
			isa = XCConfigurationList;
			buildConfigurations = (
				9A0B92F11CB64D5E00271ACC /* Debug */,
				9A0B92F21CB64D5E00271ACC /* Release */,
			);
			defaultConfigurationIsVisible = 0;
			defaultConfigurationName = Release;
		};
/* End XCConfigurationList section */
	};
	rootObject = 9A0B92C81CB64D5D00271ACC /* Project object */;
}
